
Microsoft Visual Studio Solution File, Format Version 12.00
# Visual Studio 2013
VisualStudioVersion = 12.0.21005.1
MinimumVisualStudioVersion = 10.0.40219.1
Project("{FAE04EC0-301F-11D3-BF4B-00C04F79EFBC}") = "Assignment8", "Assignment8\Assignment8.csproj", "{C150E65D-B249-4E6E-BDC8-8BEDB97DB539}"
EndProject
Project("{FAE04EC0-301F-11D3-BF4B-00C04F79EFBC}") = "Drive.BAL", "Drive.BAL\Drive.BAL.csproj", "{607EC03E-AA62-494D-8242-10D347FEEE59}"
EndProject
Project("{FAE04EC0-301F-11D3-BF4B-00C04F79EFBC}") = "Drive.DAL", "Drive.DAL\Drive.DAL.csproj", "{1C2A57F1-592E-412A-8D95-9D08E17CE6EB}"
EndProject
Project("{FAE04EC0-301F-11D3-BF4B-00C04F79EFBC}") = "Drive.Entities", "Drive.Entities\Drive.Entities.csproj", "{1E6362EA-2222-4DBE-93F2-662CC56AA7D7}"
EndProject
Global
	GlobalSection(SolutionConfigurationPlatforms) = preSolution
		Debug|Any CPU = Debug|Any CPU
		Release|Any CPU = Release|Any CPU
	EndGlobalSection
	GlobalSection(ProjectConfigurationPlatforms) = postSolution
		{C150E65D-B249-4E6E-BDC8-8BEDB97DB539}.Debug|Any CPU.ActiveCfg = Debug|Any CPU
		{C150E65D-B249-4E6E-BDC8-8BEDB97DB539}.Debug|Any CPU.Build.0 = Debug|Any CPU
		{C150E65D-B249-4E6E-BDC8-8BEDB97DB539}.Release|Any CPU.ActiveCfg = Release|Any CPU
		{C150E65D-B249-4E6E-BDC8-8BEDB97DB539}.Release|Any CPU.Build.0 = Release|Any CPU
		{607EC03E-AA62-494D-8242-10D347FEEE59}.Debug|Any CPU.ActiveCfg = Debug|Any CPU
		{607EC03E-AA62-494D-8242-10D347FEEE59}.Debug|Any CPU.Build.0 = Debug|Any CPU
		{607EC03E-AA62-494D-8242-10D347FEEE59}.Release|Any CPU.ActiveCfg = Release|Any CPU
		{607EC03E-AA62-494D-8242-10D347FEEE59}.Release|Any CPU.Build.0 = Release|Any CPU
		{1C2A57F1-592E-412A-8D95-9D08E17CE6EB}.Debug|Any CPU.ActiveCfg = Debug|Any CPU
		{1C2A57F1-592E-412A-8D95-9D08E17CE6EB}.Debug|Any CPU.Build.0 = Debug|Any CPU
		{1C2A57F1-592E-412A-8D95-9D08E17CE6EB}.Release|Any CPU.ActiveCfg = Release|Any CPU
		{1C2A57F1-592E-412A-8D95-9D08E17CE6EB}.Release|Any CPU.Build.0 = Release|Any CPU
		{1E6362EA-2222-4DBE-93F2-662CC56AA7D7}.Debug|Any CPU.ActiveCfg = Debug|Any CPU
		{1E6362EA-2222-4DBE-93F2-662CC56AA7D7}.Debug|Any CPU.Build.0 = Debug|Any CPU
		{1E6362EA-2222-4DBE-93F2-662CC56AA7D7}.Release|Any CPU.ActiveCfg = Release|Any CPU
		{1E6362EA-2222-4DBE-93F2-662CC56AA7D7}.Release|Any CPU.Build.0 = Release|Any CPU
	EndGlobalSection
	GlobalSection(SolutionProperties) = preSolution
		HideSolutionNode = FALSE
	EndGlobalSection
EndGlobal
